
Microsoft Visual Studio Solution File, Format Version 12.00
# Visual Studio 15
VisualStudioVersion = 15.0.28307.136
MinimumVisualStudioVersion = 10.0.40219.1
Project("{FAE04EC0-301F-11D3-BF4B-00C04F79EFBC}") = "TestMagneticBand", "TestMagneticBand\TestMagneticBand.csproj", "{37DF710F-A8A1-4562-9A26-804FBD4FDC83}"
EndProject
Global
	GlobalSection(SolutionConfigurationPlatforms) = preSolution
		Debug|Any CPU = Debug|Any CPU
		Release|Any CPU = Release|Any CPU
	EndGlobalSection
	GlobalSection(ProjectConfigurationPlatforms) = postSolution
		{37DF710F-A8A1-4562-9A26-804FBD4FDC83}.Debug|Any CPU.ActiveCfg = Debug|Any CPU
		{37DF710F-A8A1-4562-9A26-804FBD4FDC83}.Debug|Any CPU.Build.0 = Debug|Any CPU
		{37DF710F-A8A1-4562-9A26-804FBD4FDC83}.Release|Any CPU.ActiveCfg = Release|Any CPU
		{37DF710F-A8A1-4562-9A26-804FBD4FDC83}.Release|Any CPU.Build.0 = Release|Any CPU
	EndGlobalSection
	GlobalSection(SolutionProperties) = preSolution
		HideSolutionNode = FALSE
	EndGlobalSection
	GlobalSection(ExtensibilityGlobals) = postSolution
		SolutionGuid = {6A95C8D2-C1B2-41E0-BC4B-7FACF38CC5DA}
	EndGlobalSection
EndGlobal
